
Microsoft Visual Studio Solution File, Format Version 12.00
# Visual Studio Version 16
VisualStudioVersion = 16.0.32002.261
MinimumVisualStudioVersion = 10.0.40219.1
Project("{FAE04EC0-301F-11D3-BF4B-00C04F79EFBC}") = "RabbitMQ.publisher", "RabbitMQ.publisher\RabbitMQ.publisher.csproj", "{9D255E1C-95DA-4A3D-8BF0-43523C2AAC3D}"
EndProject
Project("{FAE04EC0-301F-11D3-BF4B-00C04F79EFBC}") = "RabbitMQ.subscriber", "RabbitMQ.subscriber\RabbitMQ.subscriber.csproj", "{B8AEF279-4275-4D2E-ACDF-96966FD33BC9}"
EndProject
Project("{FAE04EC0-301F-11D3-BF4B-00C04F79EFBC}") = "RabbitMQ.subscriber.queueError", "RabbitMQ.subscriber.queueError\RabbitMQ.subscriber.queueError.csproj", "{4A4F7C5E-BD98-48E5-9E4F-3B733C3553D7}"
EndProject
Project("{FAE04EC0-301F-11D3-BF4B-00C04F79EFBC}") = "RabbitMQ.subscriber.queueWarning", "RabbitMQ.subscriner.queueWarning\RabbitMQ.subscriber.queueWarning.csproj", "{C66F578A-E45D-492B-A13A-09BE18271DCE}"
EndProject
Project("{FAE04EC0-301F-11D3-BF4B-00C04F79EFBC}") = "RabbitMQ.subscriber.queueInfo", "RabbitMQ.subscriber.queueInfo\RabbitMQ.subscriber.queueInfo.csproj", "{3BD27EC4-C40D-4F47-A1C2-F117CDA31A2B}"
EndProject
Global
	GlobalSection(SolutionConfigurationPlatforms) = preSolution
		Debug|Any CPU = Debug|Any CPU
		Release|Any CPU = Release|Any CPU
	EndGlobalSection
	GlobalSection(ProjectConfigurationPlatforms) = postSolution
		{9D255E1C-95DA-4A3D-8BF0-43523C2AAC3D}.Debug|Any CPU.ActiveCfg = Debug|Any CPU
		{9D255E1C-95DA-4A3D-8BF0-43523C2AAC3D}.Debug|Any CPU.Build.0 = Debug|Any CPU
		{9D255E1C-95DA-4A3D-8BF0-43523C2AAC3D}.Release|Any CPU.ActiveCfg = Release|Any CPU
		{9D255E1C-95DA-4A3D-8BF0-43523C2AAC3D}.Release|Any CPU.Build.0 = Release|Any CPU
		{B8AEF279-4275-4D2E-ACDF-96966FD33BC9}.Debug|Any CPU.ActiveCfg = Debug|Any CPU
		{B8AEF279-4275-4D2E-ACDF-96966FD33BC9}.Debug|Any CPU.Build.0 = Debug|Any CPU
		{B8AEF279-4275-4D2E-ACDF-96966FD33BC9}.Release|Any CPU.ActiveCfg = Release|Any CPU
		{B8AEF279-4275-4D2E-ACDF-96966FD33BC9}.Release|Any CPU.Build.0 = Release|Any CPU
		{4A4F7C5E-BD98-48E5-9E4F-3B733C3553D7}.Debug|Any CPU.ActiveCfg = Debug|Any CPU
		{4A4F7C5E-BD98-48E5-9E4F-3B733C3553D7}.Debug|Any CPU.Build.0 = Debug|Any CPU
		{4A4F7C5E-BD98-48E5-9E4F-3B733C3553D7}.Release|Any CPU.ActiveCfg = Release|Any CPU
		{4A4F7C5E-BD98-48E5-9E4F-3B733C3553D7}.Release|Any CPU.Build.0 = Release|Any CPU
		{C66F578A-E45D-492B-A13A-09BE18271DCE}.Debug|Any CPU.ActiveCfg = Debug|Any CPU
		{C66F578A-E45D-492B-A13A-09BE18271DCE}.Debug|Any CPU.Build.0 = Debug|Any CPU
		{C66F578A-E45D-492B-A13A-09BE18271DCE}.Release|Any CPU.ActiveCfg = Release|Any CPU
		{C66F578A-E45D-492B-A13A-09BE18271DCE}.Release|Any CPU.Build.0 = Release|Any CPU
		{3BD27EC4-C40D-4F47-A1C2-F117CDA31A2B}.Debug|Any CPU.ActiveCfg = Debug|Any CPU
		{3BD27EC4-C40D-4F47-A1C2-F117CDA31A2B}.Debug|Any CPU.Build.0 = Debug|Any CPU
		{3BD27EC4-C40D-4F47-A1C2-F117CDA31A2B}.Release|Any CPU.ActiveCfg = Release|Any CPU
		{3BD27EC4-C40D-4F47-A1C2-F117CDA31A2B}.Release|Any CPU.Build.0 = Release|Any CPU
	EndGlobalSection
	GlobalSection(SolutionProperties) = preSolution
		HideSolutionNode = FALSE
	EndGlobalSection
	GlobalSection(ExtensibilityGlobals) = postSolution
		SolutionGuid = {FE4D15AF-C42E-4F38-87A9-6360AE96F614}
	EndGlobalSection
EndGlobal
